
Microsoft Visual Studio Solution File, Format Version 12.00
# Visual Studio Version 17
VisualStudioVersion = 17.5.002.0
MinimumVisualStudioVersion = 10.0.40219.1
Project("{9A19103F-16F7-4668-BE54-9A1E7A4F7556}") = "Starter", "Starter\Starter.csproj", "{A40CE107-25C2-4FB8-B907-276E231D34A2}"
EndProject
Global
	GlobalSection(SolutionConfigurationPlatforms) = preSolution
		Debug|Any CPU = Debug|Any CPU
		Release|Any CPU = Release|Any CPU
	EndGlobalSection
	GlobalSection(ProjectConfigurationPlatforms) = postSolution
		{A40CE107-25C2-4FB8-B907-276E231D34A2}.Debug|Any CPU.ActiveCfg = Debug|Any CPU
		{A40CE107-25C2-4FB8-B907-276E231D34A2}.Debug|Any CPU.Build.0 = Debug|Any CPU
		{A40CE107-25C2-4FB8-B907-276E231D34A2}.Release|Any CPU.ActiveCfg = Release|Any CPU
		{A40CE107-25C2-4FB8-B907-276E231D34A2}.Release|Any CPU.Build.0 = Release|Any CPU
	EndGlobalSection
	GlobalSection(SolutionProperties) = preSolution
		HideSolutionNode = FALSE
	EndGlobalSection
	GlobalSection(ExtensibilityGlobals) = postSolution
		SolutionGuid = {1988459F-EF62-48AA-83A6-450C5BFA0E75}
	EndGlobalSection
EndGlobal
